{
  "sources": {
    "prompt-toolkit": {
      "lastModified": 1790653702,
      "narHash": "sha256-NcXnjXpuUuoZRyCon+UiMSvPp34Eu5uNCsp32uJrRRQ=",
      "owner": "Lillecarl",
      "repo": "python-prompt-toolkit",
      "rev": "6e3b7c1dd0618ece8defa258a364538278b91b3a",
      "type": "github"
    },
    "ptterm": {
      "lastModified": 1790853486,
      "narHash": "sha256-XHcayVtnnAPjD4Eo1ioOfOHYKBf8G9Mm5khj/2q4Rco=",
      "owner": "Lillecarl",
      "repo": "ptterm",
      "rev": "413612d28364ce93bfdf530385eb9f9c2431210b",
      "type": "github"
    },
    "ptyhost": {
      "lastModified": 1790653708,
      "narHash": "sha256-N3qvho78faGtWvNyOPuQZDMn2OeI7qRwRUStI8ugcEk=",
      "owner": "Lillecarl",
      "repo": "ptyhost",
      "rev": "2fd63a2c32fa421c4b7c711422654073e9d172f6",
      "type": "github"
    },
    "pymux": {
      "lastModified": 1790868639,
      "narHash": "sha256-rZfsU6+zX/qb0ojn20pfZotbSa0KDBUnXtEo7QM4I2E=",
      "owner": "Lillecarl",
      "repo": "pymux",
      "rev": "02a66ee414840496a0b0675f6423e34b033a7b1b",
      "type": "github"
    },
    "pyproject-nix": {
      "lastModified": 1788394333,
      "narHash": "sha256-xYOP0Xym1eVGUaHFx+eJEaycFGoiCbst3fZf0xFHP78=",
      "owner": "pyproject-nix",
      "repo": "pyproject.nix",
      "rev": "6a8a7881d75b6f98967e7b8069f4ead331384301",
      "type": "github"
    },
    "pyte": {
      "lastModified": 1790853486,
      "narHash": "sha256-A8XhacyYbyY4GZS44I8kKy2y9lvwyn550h696bFCikE=",
      "owner": "Lillecarl",
      "repo": "pyte",
      "rev": "3bf5d9a366ad237019a54ad61738a1a2b750a4a6",
      "type": "github"
    },
    "pyterm-pytest": {
      "lastModified": 1790682296,
      "narHash": "sha256-XhPrnxhjqbHjGVz1xZM60pd+7baIa2gMAtBiYFw+6S0=",
      "owner": "Lillecarl",
      "repo": "pyterm-pytest",
      "rev": "031d993f212f9c7211b2b5c1200c31c154cb78b5",
      "type": "github"
    },
    "txterm": {
      "lastModified": 1790812370,
      "narHash": "sha256-i8sCjvMvj97aRG/hsgI6RHRXRhEOVmcN8Rs+Ob8C4go=",
      "owner": "Lillecarl",
      "repo": "txterm",
      "rev": "63c48f5d2a0a054f2184919c38d4d1aa9e2ac52f",
      "type": "github"
    },
    "umbrella": {
      "lastModified": 1789561486,
      "narHash": "sha256-7DHG/Dq4WK7I2IUyFnTeD17waR9u5ObD3xnT4ozbuVg=",
      "owner": "Lillecarl",
      "repo": "umbrella",
      "rev": "7d666abba9148ee8c1afcc102141142fdefb280c",
      "type": "github"
    }
  },
  "version": 1
}
