{
  "sources": {
    "prompt-toolkit": {
      "lastModified": 1791534167,
      "narHash": "sha256-jn1rT7mp5xNT5xPmohNUZi/jhpWj4ztOyuPzsPNmq5M=",
      "owner": "Lillecarl",
      "repo": "python-prompt-toolkit",
      "rev": "dc18a3a8e82debc06f3a93a5e156e219f08805e8",
      "type": "github"
    },
    "ptterm": {
      "lastModified": 1791574914,
      "narHash": "sha256-Mv12L3v1c5q/O8FTw9+H9uMf9v7BqEmveVQcHkbsoLk=",
      "owner": "Lillecarl",
      "repo": "ptterm",
      "rev": "f29c7159b290e6c3befebe897aec1f67fdc8c5c1",
      "type": "github"
    },
    "ptyhost": {
      "lastModified": 1791571829,
      "narHash": "sha256-WYDYvT+rpvRSzN4AxCZUuGDPFfgP9am9rOMlY+Hjf5g=",
      "owner": "Lillecarl",
      "repo": "ptyhost",
      "rev": "27d57169c453a883f0d835d160a319e02eab425a",
      "type": "github"
    },
    "pymux": {
      "lastModified": 1791585797,
      "narHash": "sha256-eudcDsCGB0R75WzNqmojze9nKfPWfyZNExQSPBIepsI=",
      "owner": "Lillecarl",
      "repo": "pymux",
      "rev": "575739630ee4455d1e666f4a7e41f1514cc66ff6",
      "type": "github"
    },
    "pyproject-nix": {
      "lastModified": 1788394333,
      "narHash": "sha256-xYOP0Xym1eVGUaHFx+eJEaycFGoiCbst3fZf0xFHP78=",
      "owner": "pyproject-nix",
      "repo": "pyproject.nix",
      "rev": "6a8a7881d75b6f98967e7b8069f4ead331384301",
      "type": "github"
    },
    "pyte": {
      "lastModified": 1791574913,
      "narHash": "sha256-Te6N11cfo6zDCzRKRRaCWDX4cdvBZ/0kTV/vFkpjlcA=",
      "owner": "Lillecarl",
      "repo": "pyte",
      "rev": "0fe4f8187bef3025422aebe3fd850eebff4db6ee",
      "type": "github"
    },
    "pyterm-pytest": {
      "lastModified": 1791145582,
      "narHash": "sha256-qmVAf/7KLlOVY3XGzid6hPKRmXVDdOcmNOr/5fDFEIY=",
      "owner": "Lillecarl",
      "repo": "pyterm-pytest",
      "rev": "4a1ef9d3a84cd2532a7e54b07fe08f4d29617eb2",
      "type": "github"
    },
    "txterm": {
      "lastModified": 1791467009,
      "narHash": "sha256-PKByAtQ5QnPW0SktXGbAdUGfYmzHai3d7spgy4qArCQ=",
      "owner": "Lillecarl",
      "repo": "txterm",
      "rev": "a65cb158b792f5f1fe4be27a0f0bb62ed9de63e0",
      "type": "github"
    },
    "umbrella": {
      "lastModified": 1789561486,
      "narHash": "sha256-7DHG/Dq4WK7I2IUyFnTeD17waR9u5ObD3xnT4ozbuVg=",
      "owner": "Lillecarl",
      "repo": "umbrella",
      "rev": "7d666abba9148ee8c1afcc102141142fdefb280c",
      "type": "github"
    }
  },
  "version": 1
}
