{
  "sources": {
    "prompt-toolkit": {
      "lastModified": 1791663564,
      "narHash": "sha256-BTjHwHb7+wKn9m6oNwRLGdxz1tpZNcy7azA4vuQ5ZjE=",
      "owner": "Lillecarl",
      "repo": "python-prompt-toolkit",
      "rev": "cf2b52e5e9de69cfed28017e14291aaa27908dbc",
      "type": "github"
    },
    "ptterm": {
      "lastModified": 1791661693,
      "narHash": "sha256-CfQXBRsXa1vboJFfUrzTj0Z9RKxMvEYZNxVK/za2QvM=",
      "owner": "Lillecarl",
      "repo": "ptterm",
      "rev": "181a2943f737490b067b181b323618c018b0a248",
      "type": "github"
    },
    "ptyhost": {
      "lastModified": 1791664328,
      "narHash": "sha256-f3IHCp0CchJGdeowQUUccEjeHkaIUU++sBPCarollOk=",
      "owner": "Lillecarl",
      "repo": "ptyhost",
      "rev": "ddc0a554cabaf0e0e2ac38f3c462ea7f44885a84",
      "type": "github"
    },
    "pymux": {
      "lastModified": 1791663564,
      "narHash": "sha256-RhSv9z55DCVCgkwgLOS+05MdhkuAYV4IF3iMgKjezAY=",
      "owner": "Lillecarl",
      "repo": "pymux",
      "rev": "115df8bf610b00581435c7ed25215239405bce15",
      "type": "github"
    },
    "pyproject-nix": {
      "lastModified": 1788394333,
      "narHash": "sha256-xYOP0Xym1eVGUaHFx+eJEaycFGoiCbst3fZf0xFHP78=",
      "owner": "pyproject-nix",
      "repo": "pyproject.nix",
      "rev": "6a8a7881d75b6f98967e7b8069f4ead331384301",
      "type": "github"
    },
    "pyte": {
      "lastModified": 1791661929,
      "narHash": "sha256-pfmn7AwPzTfVffQCJFGLLf9gCBybHy5wBNWshTIcN2I=",
      "owner": "Lillecarl",
      "repo": "pyte",
      "rev": "62af487758c1ddca641157f8ae5be3db47e25e5c",
      "type": "github"
    },
    "pyterm-pytest": {
      "lastModified": 1791654559,
      "narHash": "sha256-7WvmauCQnwNst/2SkUIC63guXrNR98RPP3J1B9C0+gU=",
      "owner": "Lillecarl",
      "repo": "pyterm-pytest",
      "rev": "32fa425ae475ea55c2205c120d49176ac84036ab",
      "type": "github"
    },
    "txterm": {
      "lastModified": 1791654560,
      "narHash": "sha256-WFWl3CKuRvUF5Hwp7MIRO/Xsb2glDLkkqZUFnwhs41w=",
      "owner": "Lillecarl",
      "repo": "txterm",
      "rev": "361d063af5373234fcdad4ecbc7f8d5abd106c7c",
      "type": "github"
    },
    "umbrella": {
      "lastModified": 1789561486,
      "narHash": "sha256-7DHG/Dq4WK7I2IUyFnTeD17waR9u5ObD3xnT4ozbuVg=",
      "owner": "Lillecarl",
      "repo": "umbrella",
      "rev": "7d666abba9148ee8c1afcc102141142fdefb280c",
      "type": "github"
    }
  },
  "version": 1
}
